
Microsoft Visual Studio Solution File, Format Version 12.00
# Visual Studio Version 17
VisualStudioVersion = 17.9.34701.34
MinimumVisualStudioVersion = 10.0.40219.1
Project("{9A19103F-16F7-4668-BE54-9A1E7A4F7556}") = "Quizlet", "Quizlet.csproj", "{A73EE941-C288-480C-97E7-78061E68168E}"
EndProject
Global
	GlobalSection(SolutionConfigurationPlatforms) = preSolution
		Debug|Any CPU = Debug|Any CPU
		Release|Any CPU = Release|Any CPU
	EndGlobalSection
	GlobalSection(ProjectConfigurationPlatforms) = postSolution
		{A73EE941-C288-480C-97E7-78061E68168E}.Debug|Any CPU.ActiveCfg = Debug|Any CPU
		{A73EE941-C288-480C-97E7-78061E68168E}.Debug|Any CPU.Build.0 = Debug|Any CPU
		{A73EE941-C288-480C-97E7-78061E68168E}.Release|Any CPU.ActiveCfg = Release|Any CPU
		{A73EE941-C288-480C-97E7-78061E68168E}.Release|Any CPU.Build.0 = Release|Any CPU
	EndGlobalSection
	GlobalSection(SolutionProperties) = preSolution
		HideSolutionNode = FALSE
	EndGlobalSection
	GlobalSection(ExtensibilityGlobals) = postSolution
		SolutionGuid = {A7438EC2-FEF2-45DB-9956-858C7D749FB3}
	EndGlobalSection
EndGlobal
